
Microsoft Visual Studio Solution File, Format Version 12.00
# Visual Studio Version 17
VisualStudioVersion = 17.2.32616.157
MinimumVisualStudioVersion = 10.0.40219.1
Project("{9A19103F-16F7-4668-BE54-9A1E7A4F7556}") = "Eos", "Eos.csproj", "{1C544A4B-CCB7-40FC-A8E0-C371449DBF1E}"
EndProject
Global
	GlobalSection(SolutionConfigurationPlatforms) = preSolution
		Debug|Any CPU = Debug|Any CPU
		Release|Any CPU = Release|Any CPU
	EndGlobalSection
	GlobalSection(ProjectConfigurationPlatforms) = postSolution
		{1C544A4B-CCB7-40FC-A8E0-C371449DBF1E}.Debug|Any CPU.ActiveCfg = Debug|Any CPU
		{1C544A4B-CCB7-40FC-A8E0-C371449DBF1E}.Debug|Any CPU.Build.0 = Debug|Any CPU
		{1C544A4B-CCB7-40FC-A8E0-C371449DBF1E}.Release|Any CPU.ActiveCfg = Release|Any CPU
		{1C544A4B-CCB7-40FC-A8E0-C371449DBF1E}.Release|Any CPU.Build.0 = Release|Any CPU
	EndGlobalSection
	GlobalSection(SolutionProperties) = preSolution
		HideSolutionNode = FALSE
	EndGlobalSection
	GlobalSection(ExtensibilityGlobals) = postSolution
		SolutionGuid = {C4146C4C-F8BF-4409-A52A-1A755DB67237}
	EndGlobalSection
EndGlobal
